
Microsoft Visual Studio Solution File, Format Version 12.00
# Visual Studio 2013
VisualStudioVersion = 12.0.21005.1
MinimumVisualStudioVersion = 10.0.40219.1
Project("{8BC9CEB8-8B4A-11D0-8D11-00A0C91BC942}") = "newWinpcapUDP", "newWinpcapUDP.vcxproj", "{84B6007F-2907-45B6-AF5B-A3D0920244A6}"
EndProject
Project("{8BC9CEB8-8B4A-11D0-8D11-00A0C91BC942}") = "TestSend", "..\TestSend\TestSend.vcxproj", "{2757680C-DD07-4499-AC68-71FE3DB4A998}"
EndProject
Project("{8BC9CEB8-8B4A-11D0-8D11-00A0C91BC942}") = "ARP", "..\ARM\ARM.vcxproj", "{3873054D-242E-4F63-B3C2-23175EFA04E2}"
EndProject
Project("{8BC9CEB8-8B4A-11D0-8D11-00A0C91BC942}") = "PortScan", "PortScan\PortScan.vcxproj", "{1AD06DE0-DD1A-4970-B090-E478F991FCF4}"
EndProject
Project("{8BC9CEB8-8B4A-11D0-8D11-00A0C91BC942}") = "UDPscan", "UDPscan\UDPscan.vcxproj", "{2D24EF1C-FFE4-4230-BB7E-4E246973EBB2}"
EndProject
Project("{8BC9CEB8-8B4A-11D0-8D11-00A0C91BC942}") = "RecieveACMP", "..\RecieveACMP\RecieveACMP.vcxproj", "{44DA1089-890D-41C6-B972-8E56AB2DE41A}"
EndProject
Global
	GlobalSection(SolutionConfigurationPlatforms) = preSolution
		Debug|Win32 = Debug|Win32
		Release|Win32 = Release|Win32
	EndGlobalSection
	GlobalSection(ProjectConfigurationPlatforms) = postSolution
		{84B6007F-2907-45B6-AF5B-A3D0920244A6}.Debug|Win32.ActiveCfg = Debug|Win32
		{84B6007F-2907-45B6-AF5B-A3D0920244A6}.Debug|Win32.Build.0 = Debug|Win32
		{84B6007F-2907-45B6-AF5B-A3D0920244A6}.Release|Win32.ActiveCfg = Release|Win32
		{84B6007F-2907-45B6-AF5B-A3D0920244A6}.Release|Win32.Build.0 = Release|Win32
		{2757680C-DD07-4499-AC68-71FE3DB4A998}.Debug|Win32.ActiveCfg = Debug|Win32
		{2757680C-DD07-4499-AC68-71FE3DB4A998}.Debug|Win32.Build.0 = Debug|Win32
		{2757680C-DD07-4499-AC68-71FE3DB4A998}.Release|Win32.ActiveCfg = Release|Win32
		{2757680C-DD07-4499-AC68-71FE3DB4A998}.Release|Win32.Build.0 = Release|Win32
		{3873054D-242E-4F63-B3C2-23175EFA04E2}.Debug|Win32.ActiveCfg = Debug|Win32
		{3873054D-242E-4F63-B3C2-23175EFA04E2}.Debug|Win32.Build.0 = Debug|Win32
		{3873054D-242E-4F63-B3C2-23175EFA04E2}.Release|Win32.ActiveCfg = Release|Win32
		{3873054D-242E-4F63-B3C2-23175EFA04E2}.Release|Win32.Build.0 = Release|Win32
		{1AD06DE0-DD1A-4970-B090-E478F991FCF4}.Debug|Win32.ActiveCfg = Debug|Win32
		{1AD06DE0-DD1A-4970-B090-E478F991FCF4}.Debug|Win32.Build.0 = Debug|Win32
		{1AD06DE0-DD1A-4970-B090-E478F991FCF4}.Release|Win32.ActiveCfg = Release|Win32
		{1AD06DE0-DD1A-4970-B090-E478F991FCF4}.Release|Win32.Build.0 = Release|Win32
		{2D24EF1C-FFE4-4230-BB7E-4E246973EBB2}.Debug|Win32.ActiveCfg = Debug|Win32
		{2D24EF1C-FFE4-4230-BB7E-4E246973EBB2}.Debug|Win32.Build.0 = Debug|Win32
		{2D24EF1C-FFE4-4230-BB7E-4E246973EBB2}.Release|Win32.ActiveCfg = Release|Win32
		{2D24EF1C-FFE4-4230-BB7E-4E246973EBB2}.Release|Win32.Build.0 = Release|Win32
		{44DA1089-890D-41C6-B972-8E56AB2DE41A}.Debug|Win32.ActiveCfg = Debug|Win32
		{44DA1089-890D-41C6-B972-8E56AB2DE41A}.Debug|Win32.Build.0 = Debug|Win32
		{44DA1089-890D-41C6-B972-8E56AB2DE41A}.Release|Win32.ActiveCfg = Release|Win32
		{44DA1089-890D-41C6-B972-8E56AB2DE41A}.Release|Win32.Build.0 = Release|Win32
	EndGlobalSection
	GlobalSection(SolutionProperties) = preSolution
		HideSolutionNode = FALSE
	EndGlobalSection
EndGlobal
